<?xml version="1.0" encoding="utf-8"?>
<Project ToolsVersion="4.0" xmlns="http://schemas.microsoft.com/developer/msbuild/2003">
  <ItemGroup>
    <Filter Include="gta">
      <UniqueIdentifier>{6178880B-CD81-887C-56FD-9E7CC205947C}</UniqueIdentifier>
    </Filter>
    <Filter Include="gui">
      <UniqueIdentifier>{8A78880B-F681-887C-7FFD-9E7CEB05947C}</UniqueIdentifier>
    </Filter>
    <Filter Include="memory">
      <UniqueIdentifier>{DEA8820D-CA4A-ADE3-B305-C1379F463434}</UniqueIdentifier>
    </Filter>
    <Filter Include="core">
      <UniqueIdentifier>{ca74b178-d3ad-4d56-b5e1-fde24958256b}</UniqueIdentifier>
    </Filter>
    <Filter Include="helpers">
      <UniqueIdentifier>{3a55af54-2ac3-4278-b835-f73c899b3f39}</UniqueIdentifier>
    </Filter>
    <Filter Include="gui\list">
      <UniqueIdentifier>{08e75769-4bf5-4fd3-b621-54504169987a}</UniqueIdentifier>
    </Filter>
    <Filter Include="gui\list\script">
      <UniqueIdentifier>{aafe0e69-d6d4-4247-976a-f209e3abcbbc}</UniqueIdentifier>
    </Filter>
    <Filter Include="gui\components">
      <UniqueIdentifier>{45310b70-eec3-4854-a1f7-062929296042}</UniqueIdentifier>
    </Filter>
    <Filter Include="auth">
      <UniqueIdentifier>{60cb060a-f954-4983-9fd7-8356063fb193}</UniqueIdentifier>
    </Filter>
    <Filter Include="auth\anti_debug">
      <UniqueIdentifier>{9c5e5924-169b-4969-b2ba-1ab099be574c}</UniqueIdentifier>
    </Filter>
    <Filter Include="auth\anti_debug\hidestr">
      <UniqueIdentifier>{949c579c-3f0c-4e4f-b625-30953f9ef486}</UniqueIdentifier>
    </Filter>
    <Filter Include="auth\anti_debug\winapi_hash">
      <UniqueIdentifier>{c7f16d44-fddb-4e7a-9c4e-2e2263800940}</UniqueIdentifier>
    </Filter>
    <Filter Include="auth\anti_debug\ADebug">
      <UniqueIdentifier>{100742bf-74ca-4454-9684-82980fc91448}</UniqueIdentifier>
    </Filter>
    <Filter Include="auth\include">
      <UniqueIdentifier>{4d5fd37b-a0fe-4efd-b0c5-e67181f7668b}</UniqueIdentifier>
    </Filter>
    <Filter Include="notifications">
      <UniqueIdentifier>{1c1ff819-6cc9-4411-9db4-82d142124273}</UniqueIdentifier>
    </Filter>
    <Filter Include="features">
      <UniqueIdentifier>{a9a87494-e2be-41f4-918b-70723f88273d}</UniqueIdentifier>
    </Filter>
    <Filter Include="core\Discord">
      <UniqueIdentifier>{1788d1a4-351f-4729-8d63-e6e8b78bc6af}</UniqueIdentifier>
    </Filter>
  </ItemGroup>
  <ItemGroup>
    <ClInclude Include="src\common.hpp" />
    <ClInclude Include="src\crossmap.hpp" />
    <ClInclude Include="src\detour_hook.hpp" />
    <ClInclude Include="src\features.hpp" />
    <ClInclude Include="src\fiber_pool.hpp" />
    <ClInclude Include="src\function_types.hpp" />
    <ClInclude Include="src\gta\PickupRewards.h">
      <Filter>gta</Filter>
    </ClInclude>
    <ClInclude Include="src\gta\VehicleValues.h">
      <Filter>gta</Filter>
    </ClInclude>
    <ClInclude Include="src\gta\Vehicles.h">
      <Filter>gta</Filter>
    </ClInclude>
    <ClInclude Include="src\gta\Weapons.h">
      <Filter>gta</Filter>
    </ClInclude>
    <ClInclude Include="src\gta\array.hpp">
      <Filter>gta</Filter>
    </ClInclude>
    <ClInclude Include="src\gta\base.hpp">
      <Filter>gta</Filter>
    </ClInclude>
    <ClInclude Include="src\gta\blip.hpp">
      <Filter>gta</Filter>
    </ClInclude>
    <ClInclude Include="src\gta\color.hpp">
      <Filter>gta</Filter>
    </ClInclude>
    <ClInclude Include="src\gta\decal_controller.hpp">
      <Filter>gta</Filter>
    </ClInclude>
    <ClInclude Include="src\gta\enums.hpp">
      <Filter>gta</Filter>
    </ClInclude>
    <ClInclude Include="src\gta\extensible.hpp">
      <Filter>gta</Filter>
    </ClInclude>
    <ClInclude Include="src\gta\fwddec.hpp">
      <Filter>gta</Filter>
    </ClInclude>
    <ClInclude Include="src\gta\joaat.hpp">
      <Filter>gta</Filter>
    </ClInclude>
    <ClInclude Include="src\gta\matrix.hpp">
      <Filter>gta</Filter>
    </ClInclude>
    <ClInclude Include="src\gta\natives.hpp">
      <Filter>gta</Filter>
    </ClInclude>
    <ClInclude Include="src\gta\net_game_event.hpp">
      <Filter>gta</Filter>
    </ClInclude>
    <ClInclude Include="src\gta\net_object_mgr.hpp">
      <Filter>gta</Filter>
    </ClInclude>
    <ClInclude Include="src\gta\node_list.hpp">
      <Filter>gta</Filter>
    </ClInclude>
    <ClInclude Include="src\gta\ped_factory.hpp">
      <Filter>gta</Filter>
    </ClInclude>
    <ClInclude Include="src\gta\ref_aware.hpp">
      <Filter>gta</Filter>
    </ClInclude>
    <ClInclude Include="src\gta\replay.hpp">
      <Filter>gta</Filter>
    </ClInclude>
    <ClInclude Include="src\gta\script_handler.hpp">
      <Filter>gta</Filter>
    </ClInclude>
    <ClInclude Include="src\gta\script_id.hpp">
      <Filter>gta</Filter>
    </ClInclude>
    <ClInclude Include="src\gta\script_program.hpp">
      <Filter>gta</Filter>
    </ClInclude>
    <ClInclude Include="src\gta\script_thread.hpp">
      <Filter>gta</Filter>
    </ClInclude>
    <ClInclude Include="src\gta\sysMemAllocator.hpp">
      <Filter>gta</Filter>
    </ClInclude>
    <ClInclude Include="src\gta\tls_context.hpp">
      <Filter>gta</Filter>
    </ClInclude>
    <ClInclude Include="src\gta\vector.hpp">
      <Filter>gta</Filter>
    </ClInclude>
    <ClInclude Include="src\gta_util.hpp" />
    <ClInclude Include="src\gui.hpp" />
    <ClInclude Include="src\hooking.hpp" />
    <ClInclude Include="src\invoker.hpp" />
    <ClInclude Include="src\logger.hpp" />
    <ClInclude Include="src\memory\all.hpp">
      <Filter>memory</Filter>
    </ClInclude>
    <ClInclude Include="src\memory\fwddec.hpp">
      <Filter>memory</Filter>
    </ClInclude>
    <ClInclude Include="src\memory\handle.hpp">
      <Filter>memory</Filter>
    </ClInclude>
    <ClInclude Include="src\memory\module.hpp">
      <Filter>memory</Filter>
    </ClInclude>
    <ClInclude Include="src\memory\pattern.hpp">
      <Filter>memory</Filter>
    </ClInclude>
    <ClInclude Include="src\memory\pattern_batch.hpp">
      <Filter>memory</Filter>
    </ClInclude>
    <ClInclude Include="src\memory\range.hpp">
      <Filter>memory</Filter>
    </ClInclude>
    <ClInclude Include="src\natives.hpp" />
    <ClInclude Include="src\pointers.hpp" />
    <ClInclude Include="src\renderer.hpp" />
    <ClInclude Include="src\script.hpp" />
    <ClInclude Include="src\script_global.hpp" />
    <ClInclude Include="src\script_hook.hpp" />
    <ClInclude Include="src\script_local.hpp" />
    <ClInclude Include="src\script_mgr.hpp" />
    <ClInclude Include="src\vmt_hook.hpp" />
    <ClInclude Include="src\core\fonts.hpp">
      <Filter>core</Filter>
    </ClInclude>
    <ClInclude Include="src\core\config.h">
      <Filter>core</Filter>
    </ClInclude>
    <ClInclude Include="src\core\xor_string.hpp">
      <Filter>core</Filter>
    </ClInclude>
    <ClInclude Include="src\helpers\player_info.h">
      <Filter>helpers</Filter>
    </ClInclude>
    <ClInclude Include="src\gui\list\AbstractOption.hpp">
      <Filter>gui\list</Filter>
    </ClInclude>
    <ClInclude Include="src\gui\list\AbstractSubmenu.hpp">
      <Filter>gui\list</Filter>
    </ClInclude>
    <ClInclude Include="src\gui\list\BaseOption.hpp">
      <Filter>gui\list</Filter>
    </ClInclude>
    <ClInclude Include="src\gui\list\BaseSubmenu.hpp">
      <Filter>gui\list</Filter>
    </ClInclude>
    <ClInclude Include="src\gui\list\BoolOption.hpp">
      <Filter>gui\list</Filter>
    </ClInclude>
    <ClInclude Include="src\gui\list\ChooseOption.hpp">
      <Filter>gui\list</Filter>
    </ClInclude>
    <ClInclude Include="src\gui\list\NumberOption.hpp">
      <Filter>gui\list</Filter>
    </ClInclude>
    <ClInclude Include="src\gui\list\PlayerSubmenu.hpp">
      <Filter>gui\list</Filter>
    </ClInclude>
    <ClInclude Include="src\gui\list\RegularOption.hpp">
      <Filter>gui\list</Filter>
    </ClInclude>
    <ClInclude Include="src\gui\list\RegularSubmenu.hpp">
      <Filter>gui\list</Filter>
    </ClInclude>
    <ClInclude Include="src\gui\list\SubOption.hpp">
      <Filter>gui\list</Filter>
    </ClInclude>
    <ClInclude Include="src\gui\list\TextBox.hpp">
      <Filter>gui\list</Filter>
    </ClInclude>
    <ClInclude Include="src\gui\list\UIManager.hpp">
      <Filter>gui\list</Filter>
    </ClInclude>
    <ClInclude Include="src\gui\list\script\MainScript.hpp">
      <Filter>gui\list\script</Filter>
    </ClInclude>
    <ClInclude Include="src\gui\list\script\Timer.hpp">
      <Filter>gui\list\script</Filter>
    </ClInclude>
    <ClInclude Include="src\gui\list\Lists.hpp">
      <Filter>gui\list</Filter>
    </ClInclude>
    <ClInclude Include="src\gui\list\script\Util.hpp">
      <Filter>gui\list\script</Filter>
    </ClInclude>
    <ClInclude Include="src\helpers\other.h">
      <Filter>helpers</Filter>
    </ClInclude>
    <ClInclude Include="src\gui\player_list.h">
      <Filter>gui</Filter>
    </ClInclude>
    <ClInclude Include="src\shv_runner.h" />
    <ClInclude Include="src\thread_pool.hpp" />
    <ClInclude Include="src\gui\components\components.hpp">
      <Filter>gui\components</Filter>
    </ClInclude>
    <ClInclude Include="src\auth\auth.hpp">
      <Filter>auth</Filter>
    </ClInclude>
    <ClInclude Include="src\auth\lazy_importer.hpp">
      <Filter>auth</Filter>
    </ClInclude>
    <ClInclude Include="src\Pools.h" />
    <ClInclude Include="src\auth\anti_debug\helper.h">
      <Filter>auth\anti_debug</Filter>
    </ClInclude>
    <ClInclude Include="src\auth\anti_debug\t1ha.h">
      <Filter>auth\anti_debug</Filter>
    </ClInclude>
    <ClInclude Include="src\auth\anti_debug\hidestr\hide_str.hpp">
      <Filter>auth\anti_debug\hidestr</Filter>
    </ClInclude>
    <ClInclude Include="src\auth\anti_debug\hidestr\murmurhash.hpp">
      <Filter>auth\anti_debug\hidestr</Filter>
    </ClInclude>
    <ClInclude Include="src\auth\anti_debug\hidestr\trash.hpp">
      <Filter>auth\anti_debug\hidestr</Filter>
    </ClInclude>
    <ClInclude Include="src\auth\anti_debug\hidestr\xtea3.hpp">
      <Filter>auth\anti_debug\hidestr</Filter>
    </ClInclude>
    <ClInclude Include="src\auth\anti_debug\winapi_hash\export_work.hpp">
      <Filter>auth\anti_debug\winapi_hash</Filter>
    </ClInclude>
    <ClInclude Include="src\auth\anti_debug\winapi_hash\hash_work.hpp">
      <Filter>auth\anti_debug\winapi_hash</Filter>
    </ClInclude>
    <ClInclude Include="src\auth\anti_debug\winapi_hash\PointerHashFunc.hpp">
      <Filter>auth\anti_debug\winapi_hash</Filter>
    </ClInclude>
    <ClInclude Include="src\auth\anti_debug\ADebug\crc32.hpp">
      <Filter>auth\anti_debug\ADebug</Filter>
    </ClInclude>
    <ClInclude Include="src\auth\anti_debug\ADebug\Hash.hpp">
      <Filter>auth\anti_debug\ADebug</Filter>
    </ClInclude>
    <ClInclude Include="src\auth\anti_debug\ADebug\Helpers.hpp">
      <Filter>auth\anti_debug\ADebug</Filter>
    </ClInclude>
    <ClInclude Include="src\auth\anti_debug\ADebug\LengthDisasm.hpp">
      <Filter>auth\anti_debug\ADebug</Filter>
    </ClInclude>
    <ClInclude Include="src\auth\anti_debug\ADebug\Lycosidae.hpp">
      <Filter>auth\anti_debug\ADebug</Filter>
    </ClInclude>
    <ClInclude Include="src\auth\anti_debug\ADebug\Native.hpp">
      <Filter>auth\anti_debug\ADebug</Filter>
    </ClInclude>
    <ClInclude Include="src\auth\anti_debug\ADebug\ScyllaHideDetector.hpp">
      <Filter>auth\anti_debug\ADebug</Filter>
    </ClInclude>
    <ClInclude Include="src\looped\teleports.hpp">
      <Filter>features</Filter>
    </ClInclude>
    <ClInclude Include="src\gui\imgui_tabs.h">
      <Filter>gui</Filter>
    </ClInclude>
    <ClInclude Include="src\auth\includes\httplib.h">
      <Filter>auth\include</Filter>
    </ClInclude>
    <ClInclude Include="src\notifications\notifications.h">
      <Filter>notifications</Filter>
    </ClInclude>
    <ClInclude Include="src\notifications\fa_solid_900.h">
      <Filter>notifications</Filter>
    </ClInclude>
    <ClInclude Include="src\notifications\icons.h">
      <Filter>notifications</Filter>
    </ClInclude>
    <ClInclude Include="src\notifications\imgui_notify.h">
      <Filter>notifications</Filter>
    </ClInclude>
    <ClInclude Include="src\notifications\tahoma.h">
      <Filter>notifications</Filter>
    </ClInclude>
    <ClInclude Include="discord_register.h">
      <Filter>core\Discord</Filter>
    </ClInclude>
    <ClInclude Include="discord_rpc.h">
      <Filter>core\Discord</Filter>
    </ClInclude>
    <ClInclude Include="src\looped\gtaData.hpp">
      <Filter>features</Filter>
    </ClInclude>
    <ClInclude Include="src\style.hpp" />
    <ClInclude Include="src\gui\list\BetterBoolOption.hpp">
      <Filter>gui\list</Filter>
    </ClInclude>
  </ItemGroup>
  <ItemGroup>
    <ClCompile Include="src\detour_hook.cpp" />
    <ClCompile Include="src\features.cpp" />
    <ClCompile Include="src\fiber_pool.cpp" />
    <ClCompile Include="src\gui.cpp" />
    <ClCompile Include="src\gui\base_tab.cpp">
      <Filter>gui</Filter>
    </ClCompile>
    <ClCompile Include="src\hooking.cpp" />
    <ClCompile Include="src\invoker.cpp" />
    <ClCompile Include="src\main.cpp" />
    <ClCompile Include="src\memory\module.cpp">
      <Filter>memory</Filter>
    </ClCompile>
    <ClCompile Include="src\memory\pattern.cpp">
      <Filter>memory</Filter>
    </ClCompile>
    <ClCompile Include="src\memory\pattern_batch.cpp">
      <Filter>memory</Filter>
    </ClCompile>
    <ClCompile Include="src\memory\range.cpp">
      <Filter>memory</Filter>
    </ClCompile>
    <ClCompile Include="src\pointers.cpp" />
    <ClCompile Include="src\renderer.cpp" />
    <ClCompile Include="src\script.cpp" />
    <ClCompile Include="src\script_global.cpp" />
    <ClCompile Include="src\script_hook.cpp" />
    <ClCompile Include="src\script_local.cpp" />
    <ClCompile Include="src\script_mgr.cpp" />
    <ClCompile Include="src\vmt_hook.cpp" />
    <ClCompile Include="src\core\fonts.cpp">
      <Filter>core</Filter>
    </ClCompile>
    <ClCompile Include="src\helpers\player_info.cpp">
      <Filter>helpers</Filter>
    </ClCompile>
    <ClCompile Include="src\gui\list\UIManager.cpp">
      <Filter>gui\list</Filter>
    </ClCompile>
    <ClCompile Include="src\gui\list\script\MainScript.cpp">
      <Filter>gui\list\script</Filter>
    </ClCompile>
    <ClCompile Include="src\helpers\other.cpp">
      <Filter>helpers</Filter>
    </ClCompile>
    <ClCompile Include="src\gui\player_list.cpp">
      <Filter>gui</Filter>
    </ClCompile>
    <ClCompile Include="src\gui\players_tab.cpp">
      <Filter>gui</Filter>
    </ClCompile>
    <ClCompile Include="src\shv_runner.cpp" />
    <ClCompile Include="src\thread_pool.cpp" />
    <ClCompile Include="src\gui\components\button.cpp">
      <Filter>gui\components</Filter>
    </ClCompile>
    <ClCompile Include="src\gui\components\text.cpp">
      <Filter>gui\components</Filter>
    </ClCompile>
    <ClCompile Include="src\gui\components\child.cpp">
      <Filter>gui\components</Filter>
    </ClCompile>
    <ClCompile Include="src\gui\recovery_tab.cpp">
      <Filter>gui</Filter>
    </ClCompile>
    <ClCompile Include="src\gui\weapons_tab.cpp">
      <Filter>gui</Filter>
    </ClCompile>
    <ClCompile Include="src\looped\player.cpp">
      <Filter>features</Filter>
    </ClCompile>
    <ClCompile Include="src\looped\misc.cpp">
      <Filter>features</Filter>
    </ClCompile>
    <ClCompile Include="src\looped\online.cpp">
      <Filter>features</Filter>
    </ClCompile>
    <ClCompile Include="src\looped\weapons.cpp">
      <Filter>features</Filter>
    </ClCompile>
    <ClCompile Include="src\gui\lobby_tab.cpp">
      <Filter>gui</Filter>
    </ClCompile>
    <ClCompile Include="src\gui\vehicle_tab.cpp">
      <Filter>gui</Filter>
    </ClCompile>
    <ClCompile Include="src\looped\recovery.cpp">
      <Filter>features</Filter>
    </ClCompile>
    <ClCompile Include="src\looped\vehicle.cpp">
      <Filter>features</Filter>
    </ClCompile>
    <ClCompile Include="src\auth\auth.cpp">
      <Filter>auth</Filter>
    </ClCompile>
    <ClCompile Include="src\Pools.cpp" />
    <ClCompile Include="src\auth\anti_debug\winapi_hash\hash_work.cpp">
      <Filter>auth\anti_debug\winapi_hash</Filter>
    </ClCompile>
    <ClCompile Include="src\gui\protections_tab.cpp">
      <Filter>gui</Filter>
    </ClCompile>
    <ClCompile Include="src\gui\teleport_tab.cpp">
      <Filter>gui</Filter>
    </ClCompile>
    <ClCompile Include="src\gui\misc_tab.cpp">
      <Filter>gui</Filter>
    </ClCompile>
    <ClCompile Include="src\notifications\notifications.cpp">
      <Filter>notifications</Filter>
    </ClCompile>
    <ClCompile Include="src\gui\list\BreakOption.hpp">
      <Filter>gui\list</Filter>
    </ClCompile>
    <ClCompile Include="src\gui\spawn_tab.cpp">
      <Filter>gui</Filter>
    </ClCompile>
    <ClCompile Include="src\gui\settings_tab.cpp">
      <Filter>gui</Filter>
    </ClCompile>
    <ClCompile Include="src\gui\world_tab.cpp">
      <Filter>gui</Filter>
    </ClCompile>
  </ItemGroup>
  <ItemGroup>
    <Library Include="src\libcurl_a.lib" />
    <Library Include="src\auth\anti_debug\t1ha-static.lib">
      <Filter>auth\anti_debug</Filter>
    </Library>
    <Library Include="src\auth\libs\libcrypto.lib" />
    <Library Include="src\auth\libs\libssl.lib" />
    <Library Include="discord-rpc.lib">
      <Filter>core\Discord</Filter>
    </Library>
  </ItemGroup>
</Project>